
Microsoft Visual Studio Solution File, Format Version 12.00
# Visual Studio Version 17
VisualStudioVersion = 17.0.31903.59
MinimumVisualStudioVersion = 10.0.40219.1
Project("{2150E333-8FDC-42A3-9474-1A3956D46DE8}") = "src", "src", "{827E0CD3-B72D-47B6-A68D-7590B98EB39B}"
EndProject
Project("{FAE04EC0-301F-11D3-BF4B-00C04F79EFBC}") = "BankingProject.API", "src/BankingProject.API/BankingProject.API.csproj", "{321FF3BD-428B-48E3-A162-D6D19995E076}"
	ProjectSection(ProjectDependencies) = postProject
		{17249F74-B5A2-4D8F-987E-C378E2EED786} = {17249F74-B5A2-4D8F-987E-C378E2EED786}
	EndProjectSection
EndProject
Project("{FAE04EC0-301F-11D3-BF4B-00C04F79EFBC}") = "BankingProject.AppHost", "src/BankingProject.AppHost/BankingProject.AppHost.csproj", "{6DEDAA7D-9835-4EBF-BC07-33D59B747D8B}"
EndProject
Project("{FAE04EC0-301F-11D3-BF4B-00C04F79EFBC}") = "BankingProject.ServiceDefaults", "src/BankingProject.ServiceDefaults/BankingProject.ServiceDefaults.csproj", "{A8736DFD-5D81-4491-B58D-47BFCFF30E76}"
EndProject
Project("{FAE04EC0-301F-11D3-BF4B-00C04F79EFBC}") = "BankingProject.Domain", "src/BankingProject.Domain/BankingProject.Domain.csproj", "{EAD5EAF4-40AA-4D94-88A8-E19D3A9FE195}"
EndProject
Project("{FAE04EC0-301F-11D3-BF4B-00C04F79EFBC}") = "BankingProject.Application", "src/BankingProject.Application/BankingProject.Application.csproj", "{17249F74-B5A2-4D8F-987E-C378E2EED786}"
	ProjectSection(ProjectDependencies) = postProject
		{EAD5EAF4-40AA-4D94-88A8-E19D3A9FE195} = {EAD5EAF4-40AA-4D94-88A8-E19D3A9FE195}
	EndProjectSection
EndProject
Project("{FAE04EC0-301F-11D3-BF4B-00C04F79EFBC}") = "BankingProject.Infrastructure", "src/BankingProject.Infrastructure/BankingProject.Infrastructure.csproj", "{A707D74F-4428-4DA9-9BBC-E4E5F644D3D0}"
	ProjectSection(ProjectDependencies) = postProject
		{EAD5EAF4-40AA-4D94-88A8-E19D3A9FE195} = {EAD5EAF4-40AA-4D94-88A8-E19D3A9FE195}
	EndProjectSection
EndProject
Global
	GlobalSection(SolutionConfigurationPlatforms) = preSolution
		Debug|Any CPU = Debug|Any CPU
		Debug|x64 = Debug|x64
		Debug|x86 = Debug|x86
		Release|Any CPU = Release|Any CPU
		Release|x64 = Release|x64
		Release|x86 = Release|x86
	EndGlobalSection
	GlobalSection(ProjectConfigurationPlatforms) = postSolution
		{321FF3BD-428B-48E3-A162-D6D19995E076}.Debug|Any CPU.ActiveCfg = Debug|Any CPU
		{321FF3BD-428B-48E3-A162-D6D19995E076}.Debug|Any CPU.Build.0 = Debug|Any CPU
		{321FF3BD-428B-48E3-A162-D6D19995E076}.Debug|x64.ActiveCfg = Debug|Any CPU
		{321FF3BD-428B-48E3-A162-D6D19995E076}.Debug|x64.Build.0 = Debug|Any CPU
		{321FF3BD-428B-48E3-A162-D6D19995E076}.Debug|x86.ActiveCfg = Debug|Any CPU
		{321FF3BD-428B-48E3-A162-D6D19995E076}.Debug|x86.Build.0 = Debug|Any CPU
		{321FF3BD-428B-48E3-A162-D6D19995E076}.Release|Any CPU.ActiveCfg = Release|Any CPU
		{321FF3BD-428B-48E3-A162-D6D19995E076}.Release|Any CPU.Build.0 = Release|Any CPU
		{321FF3BD-428B-48E3-A162-D6D19995E076}.Release|x64.ActiveCfg = Release|Any CPU
		{321FF3BD-428B-48E3-A162-D6D19995E076}.Release|x64.Build.0 = Release|Any CPU
		{321FF3BD-428B-48E3-A162-D6D19995E076}.Release|x86.ActiveCfg = Release|Any CPU
		{321FF3BD-428B-48E3-A162-D6D19995E076}.Release|x86.Build.0 = Release|Any CPU
		{6DEDAA7D-9835-4EBF-BC07-33D59B747D8B}.Debug|Any CPU.ActiveCfg = Debug|Any CPU
		{6DEDAA7D-9835-4EBF-BC07-33D59B747D8B}.Debug|Any CPU.Build.0 = Debug|Any CPU
		{6DEDAA7D-9835-4EBF-BC07-33D59B747D8B}.Debug|x64.ActiveCfg = Debug|Any CPU
		{6DEDAA7D-9835-4EBF-BC07-33D59B747D8B}.Debug|x64.Build.0 = Debug|Any CPU
		{6DEDAA7D-9835-4EBF-BC07-33D59B747D8B}.Debug|x86.ActiveCfg = Debug|Any CPU
		{6DEDAA7D-9835-4EBF-BC07-33D59B747D8B}.Debug|x86.Build.0 = Debug|Any CPU
		{6DEDAA7D-9835-4EBF-BC07-33D59B747D8B}.Release|Any CPU.ActiveCfg = Release|Any CPU
		{6DEDAA7D-9835-4EBF-BC07-33D59B747D8B}.Release|Any CPU.Build.0 = Release|Any CPU
		{6DEDAA7D-9835-4EBF-BC07-33D59B747D8B}.Release|x64.ActiveCfg = Release|Any CPU
		{6DEDAA7D-9835-4EBF-BC07-33D59B747D8B}.Release|x64.Build.0 = Release|Any CPU
		{6DEDAA7D-9835-4EBF-BC07-33D59B747D8B}.Release|x86.ActiveCfg = Release|Any CPU
		{6DEDAA7D-9835-4EBF-BC07-33D59B747D8B}.Release|x86.Build.0 = Release|Any CPU
		{A8736DFD-5D81-4491-B58D-47BFCFF30E76}.Debug|Any CPU.ActiveCfg = Debug|Any CPU
		{A8736DFD-5D81-4491-B58D-47BFCFF30E76}.Debug|Any CPU.Build.0 = Debug|Any CPU
		{A8736DFD-5D81-4491-B58D-47BFCFF30E76}.Debug|x64.ActiveCfg = Debug|Any CPU
		{A8736DFD-5D81-4491-B58D-47BFCFF30E76}.Debug|x64.Build.0 = Debug|Any CPU
		{A8736DFD-5D81-4491-B58D-47BFCFF30E76}.Debug|x86.ActiveCfg = Debug|Any CPU
		{A8736DFD-5D81-4491-B58D-47BFCFF30E76}.Debug|x86.Build.0 = Debug|Any CPU
		{A8736DFD-5D81-4491-B58D-47BFCFF30E76}.Release|Any CPU.ActiveCfg = Release|Any CPU
		{A8736DFD-5D81-4491-B58D-47BFCFF30E76}.Release|Any CPU.Build.0 = Release|Any CPU
		{A8736DFD-5D81-4491-B58D-47BFCFF30E76}.Release|x64.ActiveCfg = Release|Any CPU
		{A8736DFD-5D81-4491-B58D-47BFCFF30E76}.Release|x64.Build.0 = Release|Any CPU
		{A8736DFD-5D81-4491-B58D-47BFCFF30E76}.Release|x86.ActiveCfg = Release|Any CPU
		{A8736DFD-5D81-4491-B58D-47BFCFF30E76}.Release|x86.Build.0 = Release|Any CPU
		{EAD5EAF4-40AA-4D94-88A8-E19D3A9FE195}.Debug|Any CPU.ActiveCfg = Debug|Any CPU
		{EAD5EAF4-40AA-4D94-88A8-E19D3A9FE195}.Debug|Any CPU.Build.0 = Debug|Any CPU
		{EAD5EAF4-40AA-4D94-88A8-E19D3A9FE195}.Debug|x64.ActiveCfg = Debug|Any CPU
		{EAD5EAF4-40AA-4D94-88A8-E19D3A9FE195}.Debug|x64.Build.0 = Debug|Any CPU
		{EAD5EAF4-40AA-4D94-88A8-E19D3A9FE195}.Debug|x86.ActiveCfg = Debug|Any CPU
		{EAD5EAF4-40AA-4D94-88A8-E19D3A9FE195}.Debug|x86.Build.0 = Debug|Any CPU
		{EAD5EAF4-40AA-4D94-88A8-E19D3A9FE195}.Release|Any CPU.ActiveCfg = Release|Any CPU
		{EAD5EAF4-40AA-4D94-88A8-E19D3A9FE195}.Release|Any CPU.Build.0 = Release|Any CPU
		{EAD5EAF4-40AA-4D94-88A8-E19D3A9FE195}.Release|x64.ActiveCfg = Release|Any CPU
		{EAD5EAF4-40AA-4D94-88A8-E19D3A9FE195}.Release|x64.Build.0 = Release|Any CPU
		{EAD5EAF4-40AA-4D94-88A8-E19D3A9FE195}.Release|x86.ActiveCfg = Release|Any CPU
		{EAD5EAF4-40AA-4D94-88A8-E19D3A9FE195}.Release|x86.Build.0 = Release|Any CPU
		{17249F74-B5A2-4D8F-987E-C378E2EED786}.Debug|Any CPU.ActiveCfg = Debug|Any CPU
		{17249F74-B5A2-4D8F-987E-C378E2EED786}.Debug|Any CPU.Build.0 = Debug|Any CPU
		{17249F74-B5A2-4D8F-987E-C378E2EED786}.Debug|x64.ActiveCfg = Debug|Any CPU
		{17249F74-B5A2-4D8F-987E-C378E2EED786}.Debug|x64.Build.0 = Debug|Any CPU
		{17249F74-B5A2-4D8F-987E-C378E2EED786}.Debug|x86.ActiveCfg = Debug|Any CPU
		{17249F74-B5A2-4D8F-987E-C378E2EED786}.Debug|x86.Build.0 = Debug|Any CPU
		{17249F74-B5A2-4D8F-987E-C378E2EED786}.Release|Any CPU.ActiveCfg = Release|Any CPU
		{17249F74-B5A2-4D8F-987E-C378E2EED786}.Release|Any CPU.Build.0 = Release|Any CPU
		{17249F74-B5A2-4D8F-987E-C378E2EED786}.Release|x64.ActiveCfg = Release|Any CPU
		{17249F74-B5A2-4D8F-987E-C378E2EED786}.Release|x64.Build.0 = Release|Any CPU
		{17249F74-B5A2-4D8F-987E-C378E2EED786}.Release|x86.ActiveCfg = Release|Any CPU
		{17249F74-B5A2-4D8F-987E-C378E2EED786}.Release|x86.Build.0 = Release|Any CPU
		{A707D74F-4428-4DA9-9BBC-E4E5F644D3D0}.Debug|Any CPU.ActiveCfg = Debug|Any CPU
		{A707D74F-4428-4DA9-9BBC-E4E5F644D3D0}.Debug|Any CPU.Build.0 = Debug|Any CPU
		{A707D74F-4428-4DA9-9BBC-E4E5F644D3D0}.Debug|x64.ActiveCfg = Debug|Any CPU
		{A707D74F-4428-4DA9-9BBC-E4E5F644D3D0}.Debug|x64.Build.0 = Debug|Any CPU
		{A707D74F-4428-4DA9-9BBC-E4E5F644D3D0}.Debug|x86.ActiveCfg = Debug|Any CPU
		{A707D74F-4428-4DA9-9BBC-E4E5F644D3D0}.Debug|x86.Build.0 = Debug|Any CPU
		{A707D74F-4428-4DA9-9BBC-E4E5F644D3D0}.Release|Any CPU.ActiveCfg = Release|Any CPU
		{A707D74F-4428-4DA9-9BBC-E4E5F644D3D0}.Release|Any CPU.Build.0 = Release|Any CPU
		{A707D74F-4428-4DA9-9BBC-E4E5F644D3D0}.Release|x64.ActiveCfg = Release|Any CPU
		{A707D74F-4428-4DA9-9BBC-E4E5F644D3D0}.Release|x64.Build.0 = Release|Any CPU
		{A707D74F-4428-4DA9-9BBC-E4E5F644D3D0}.Release|x86.ActiveCfg = Release|Any CPU
		{A707D74F-4428-4DA9-9BBC-E4E5F644D3D0}.Release|x86.Build.0 = Release|Any CPU
	EndGlobalSection
	GlobalSection(SolutionProperties) = preSolution
		HideSolutionNode = FALSE
	EndGlobalSection
	GlobalSection(NestedProjects) = preSolution
		{321FF3BD-428B-48E3-A162-D6D19995E076} = {827E0CD3-B72D-47B6-A68D-7590B98EB39B}
		{6DEDAA7D-9835-4EBF-BC07-33D59B747D8B} = {827E0CD3-B72D-47B6-A68D-7590B98EB39B}
		{A8736DFD-5D81-4491-B58D-47BFCFF30E76} = {827E0CD3-B72D-47B6-A68D-7590B98EB39B}
		{EAD5EAF4-40AA-4D94-88A8-E19D3A9FE195} = {827E0CD3-B72D-47B6-A68D-7590B98EB39B}
		{17249F74-B5A2-4D8F-987E-C378E2EED786} = {827E0CD3-B72D-47B6-A68D-7590B98EB39B}
		{A707D74F-4428-4DA9-9BBC-E4E5F644D3D0} = {827E0CD3-B72D-47B6-A68D-7590B98EB39B}
	EndGlobalSection
EndGlobal
